
Microsoft Visual Studio Solution File, Format Version 12.00
# Visual Studio Version 17
VisualStudioVersion = 17.7.34202.233
MinimumVisualStudioVersion = 10.0.40219.1
Project("{FAE04EC0-301F-11D3-BF4B-00C04F79EFBC}") = "wpf_hw_one", "wpf_hw_one.csproj", "{53B40F36-8016-42EB-B8E0-C9529D159198}"
EndProject
Global
	GlobalSection(SolutionConfigurationPlatforms) = preSolution
		Debug|Any CPU = Debug|Any CPU
		Release|Any CPU = Release|Any CPU
	EndGlobalSection
	GlobalSection(ProjectConfigurationPlatforms) = postSolution
		{53B40F36-8016-42EB-B8E0-C9529D159198}.Debug|Any CPU.ActiveCfg = Debug|Any CPU
		{53B40F36-8016-42EB-B8E0-C9529D159198}.Debug|Any CPU.Build.0 = Debug|Any CPU
		{53B40F36-8016-42EB-B8E0-C9529D159198}.Release|Any CPU.ActiveCfg = Release|Any CPU
		{53B40F36-8016-42EB-B8E0-C9529D159198}.Release|Any CPU.Build.0 = Release|Any CPU
	EndGlobalSection
	GlobalSection(SolutionProperties) = preSolution
		HideSolutionNode = FALSE
	EndGlobalSection
	GlobalSection(ExtensibilityGlobals) = postSolution
		SolutionGuid = {37DCDAB2-1BA0-4F9D-92F1-8036A7BAE161}
	EndGlobalSection
EndGlobal
